
Microsoft Visual Studio Solution File, Format Version 12.00
# Visual Studio Version 17
VisualStudioVersion = 17.9.34728.123
MinimumVisualStudioVersion = 10.0.40219.1
Project("{8BC9CEB8-8B4A-11D0-8D11-00A0C91BC942}") = "CppSoftwareDesign", "CppSoftwareDesign\CppSoftwareDesign.vcxproj", "{7A1E9CD8-BDB8-46B9-8BA6-369F71A53911}"
EndProject
Project("{B7DD6F7E-DEF8-4E67-B5B7-07EF123DB6F0}") = "WixTutorial", "WixTutorial\WixTutorial.wixproj", "{13769DE4-4650-4C2C-860A-9C90BC9B4A8D}"
EndProject
Project("{930C7802-8A8C-48F9-8165-68863BCCD9DD}") = "WixV3Tutorial", "WixV3Tutorial\WixV3Tutorial.wixproj", "{968BDEE7-3928-4CA1-B201-C855F125283C}"
EndProject
Project("{930C7802-8A8C-48F9-8165-68863BCCD9DD}") = "SetupLibrary", "SetupLibrary\SetupLibrary.wixproj", "{E5837D2B-A697-4FDA-8C7E-68C2EF244A2A}"
EndProject
Project("{FAE04EC0-301F-11D3-BF4B-00C04F79EFBC}") = "UpdateApp", "UpdateApp\UpdateApp.csproj", "{4FA72633-9DFD-4053-B8F2-D891CDDA9D21}"
EndProject
Project("{8BC9CEB8-8B4A-11D0-8D11-00A0C91BC942}") = "Win32App", "Win32App\Win32App.vcxproj", "{8A4BEA2D-6129-4877-9C81-933C6EF3E322}"
EndProject
Global
	GlobalSection(SolutionConfigurationPlatforms) = preSolution
		Debug|Any CPU = Debug|Any CPU
		Debug|ARM64 = Debug|ARM64
		Debug|x64 = Debug|x64
		Debug|x86 = Debug|x86
		Release|Any CPU = Release|Any CPU
		Release|ARM64 = Release|ARM64
		Release|x64 = Release|x64
		Release|x86 = Release|x86
	EndGlobalSection
	GlobalSection(ProjectConfigurationPlatforms) = postSolution
		{7A1E9CD8-BDB8-46B9-8BA6-369F71A53911}.Debug|Any CPU.ActiveCfg = Debug|x64
		{7A1E9CD8-BDB8-46B9-8BA6-369F71A53911}.Debug|Any CPU.Build.0 = Debug|x64
		{7A1E9CD8-BDB8-46B9-8BA6-369F71A53911}.Debug|ARM64.ActiveCfg = Debug|x64
		{7A1E9CD8-BDB8-46B9-8BA6-369F71A53911}.Debug|ARM64.Build.0 = Debug|x64
		{7A1E9CD8-BDB8-46B9-8BA6-369F71A53911}.Debug|x64.ActiveCfg = Debug|x64
		{7A1E9CD8-BDB8-46B9-8BA6-369F71A53911}.Debug|x64.Build.0 = Debug|x64
		{7A1E9CD8-BDB8-46B9-8BA6-369F71A53911}.Debug|x86.ActiveCfg = Debug|Win32
		{7A1E9CD8-BDB8-46B9-8BA6-369F71A53911}.Debug|x86.Build.0 = Debug|Win32
		{7A1E9CD8-BDB8-46B9-8BA6-369F71A53911}.Release|Any CPU.ActiveCfg = Release|x64
		{7A1E9CD8-BDB8-46B9-8BA6-369F71A53911}.Release|Any CPU.Build.0 = Release|x64
		{7A1E9CD8-BDB8-46B9-8BA6-369F71A53911}.Release|ARM64.ActiveCfg = Release|x64
		{7A1E9CD8-BDB8-46B9-8BA6-369F71A53911}.Release|ARM64.Build.0 = Release|x64
		{7A1E9CD8-BDB8-46B9-8BA6-369F71A53911}.Release|x64.ActiveCfg = Release|x64
		{7A1E9CD8-BDB8-46B9-8BA6-369F71A53911}.Release|x64.Build.0 = Release|x64
		{7A1E9CD8-BDB8-46B9-8BA6-369F71A53911}.Release|x86.ActiveCfg = Release|Win32
		{7A1E9CD8-BDB8-46B9-8BA6-369F71A53911}.Release|x86.Build.0 = Release|Win32
		{13769DE4-4650-4C2C-860A-9C90BC9B4A8D}.Debug|Any CPU.ActiveCfg = Debug|x64
		{13769DE4-4650-4C2C-860A-9C90BC9B4A8D}.Debug|Any CPU.Build.0 = Debug|x64
		{13769DE4-4650-4C2C-860A-9C90BC9B4A8D}.Debug|ARM64.ActiveCfg = Debug|ARM64
		{13769DE4-4650-4C2C-860A-9C90BC9B4A8D}.Debug|ARM64.Build.0 = Debug|ARM64
		{13769DE4-4650-4C2C-860A-9C90BC9B4A8D}.Debug|x64.ActiveCfg = Debug|x64
		{13769DE4-4650-4C2C-860A-9C90BC9B4A8D}.Debug|x64.Build.0 = Debug|x64
		{13769DE4-4650-4C2C-860A-9C90BC9B4A8D}.Debug|x86.ActiveCfg = Debug|x86
		{13769DE4-4650-4C2C-860A-9C90BC9B4A8D}.Debug|x86.Build.0 = Debug|x86
		{13769DE4-4650-4C2C-860A-9C90BC9B4A8D}.Release|Any CPU.ActiveCfg = Release|x64
		{13769DE4-4650-4C2C-860A-9C90BC9B4A8D}.Release|Any CPU.Build.0 = Release|x64
		{13769DE4-4650-4C2C-860A-9C90BC9B4A8D}.Release|ARM64.ActiveCfg = Release|ARM64
		{13769DE4-4650-4C2C-860A-9C90BC9B4A8D}.Release|ARM64.Build.0 = Release|ARM64
		{13769DE4-4650-4C2C-860A-9C90BC9B4A8D}.Release|x64.ActiveCfg = Release|x64
		{13769DE4-4650-4C2C-860A-9C90BC9B4A8D}.Release|x64.Build.0 = Release|x64
		{13769DE4-4650-4C2C-860A-9C90BC9B4A8D}.Release|x86.ActiveCfg = Release|x86
		{13769DE4-4650-4C2C-860A-9C90BC9B4A8D}.Release|x86.Build.0 = Release|x86
		{968BDEE7-3928-4CA1-B201-C855F125283C}.Debug|Any CPU.ActiveCfg = Debug|x64
		{968BDEE7-3928-4CA1-B201-C855F125283C}.Debug|Any CPU.Build.0 = Debug|x64
		{968BDEE7-3928-4CA1-B201-C855F125283C}.Debug|ARM64.ActiveCfg = Debug|x86
		{968BDEE7-3928-4CA1-B201-C855F125283C}.Debug|ARM64.Build.0 = Debug|x86
		{968BDEE7-3928-4CA1-B201-C855F125283C}.Debug|x64.ActiveCfg = Debug|x64
		{968BDEE7-3928-4CA1-B201-C855F125283C}.Debug|x64.Build.0 = Debug|x64
		{968BDEE7-3928-4CA1-B201-C855F125283C}.Debug|x86.ActiveCfg = Debug|x86
		{968BDEE7-3928-4CA1-B201-C855F125283C}.Debug|x86.Build.0 = Debug|x86
		{968BDEE7-3928-4CA1-B201-C855F125283C}.Release|Any CPU.ActiveCfg = Release|x64
		{968BDEE7-3928-4CA1-B201-C855F125283C}.Release|Any CPU.Build.0 = Release|x64
		{968BDEE7-3928-4CA1-B201-C855F125283C}.Release|ARM64.ActiveCfg = Release|x86
		{968BDEE7-3928-4CA1-B201-C855F125283C}.Release|ARM64.Build.0 = Release|x86
		{968BDEE7-3928-4CA1-B201-C855F125283C}.Release|x64.ActiveCfg = Release|x64
		{968BDEE7-3928-4CA1-B201-C855F125283C}.Release|x64.Build.0 = Release|x64
		{968BDEE7-3928-4CA1-B201-C855F125283C}.Release|x86.ActiveCfg = Release|x86
		{968BDEE7-3928-4CA1-B201-C855F125283C}.Release|x86.Build.0 = Release|x86
		{E5837D2B-A697-4FDA-8C7E-68C2EF244A2A}.Debug|Any CPU.ActiveCfg = Debug|x86
		{E5837D2B-A697-4FDA-8C7E-68C2EF244A2A}.Debug|Any CPU.Build.0 = Debug|x86
		{E5837D2B-A697-4FDA-8C7E-68C2EF244A2A}.Debug|ARM64.ActiveCfg = Debug|x86
		{E5837D2B-A697-4FDA-8C7E-68C2EF244A2A}.Debug|ARM64.Build.0 = Debug|x86
		{E5837D2B-A697-4FDA-8C7E-68C2EF244A2A}.Debug|x64.ActiveCfg = Debug|x64
		{E5837D2B-A697-4FDA-8C7E-68C2EF244A2A}.Debug|x64.Build.0 = Debug|x64
		{E5837D2B-A697-4FDA-8C7E-68C2EF244A2A}.Debug|x86.ActiveCfg = Debug|x86
		{E5837D2B-A697-4FDA-8C7E-68C2EF244A2A}.Debug|x86.Build.0 = Debug|x86
		{E5837D2B-A697-4FDA-8C7E-68C2EF244A2A}.Release|Any CPU.ActiveCfg = Release|x86
		{E5837D2B-A697-4FDA-8C7E-68C2EF244A2A}.Release|Any CPU.Build.0 = Release|x86
		{E5837D2B-A697-4FDA-8C7E-68C2EF244A2A}.Release|ARM64.ActiveCfg = Release|x86
		{E5837D2B-A697-4FDA-8C7E-68C2EF244A2A}.Release|ARM64.Build.0 = Release|x86
		{E5837D2B-A697-4FDA-8C7E-68C2EF244A2A}.Release|x64.ActiveCfg = Release|x86
		{E5837D2B-A697-4FDA-8C7E-68C2EF244A2A}.Release|x64.Build.0 = Release|x86
		{E5837D2B-A697-4FDA-8C7E-68C2EF244A2A}.Release|x86.ActiveCfg = Release|x86
		{E5837D2B-A697-4FDA-8C7E-68C2EF244A2A}.Release|x86.Build.0 = Release|x86
		{4FA72633-9DFD-4053-B8F2-D891CDDA9D21}.Debug|Any CPU.ActiveCfg = Debug|Any CPU
		{4FA72633-9DFD-4053-B8F2-D891CDDA9D21}.Debug|Any CPU.Build.0 = Debug|Any CPU
		{4FA72633-9DFD-4053-B8F2-D891CDDA9D21}.Debug|ARM64.ActiveCfg = Debug|Any CPU
		{4FA72633-9DFD-4053-B8F2-D891CDDA9D21}.Debug|ARM64.Build.0 = Debug|Any CPU
		{4FA72633-9DFD-4053-B8F2-D891CDDA9D21}.Debug|x64.ActiveCfg = Debug|x64
		{4FA72633-9DFD-4053-B8F2-D891CDDA9D21}.Debug|x64.Build.0 = Debug|x64
		{4FA72633-9DFD-4053-B8F2-D891CDDA9D21}.Debug|x86.ActiveCfg = Debug|Any CPU
		{4FA72633-9DFD-4053-B8F2-D891CDDA9D21}.Debug|x86.Build.0 = Debug|Any CPU
		{4FA72633-9DFD-4053-B8F2-D891CDDA9D21}.Release|Any CPU.ActiveCfg = Release|Any CPU
		{4FA72633-9DFD-4053-B8F2-D891CDDA9D21}.Release|Any CPU.Build.0 = Release|Any CPU
		{4FA72633-9DFD-4053-B8F2-D891CDDA9D21}.Release|ARM64.ActiveCfg = Release|Any CPU
		{4FA72633-9DFD-4053-B8F2-D891CDDA9D21}.Release|ARM64.Build.0 = Release|Any CPU
		{4FA72633-9DFD-4053-B8F2-D891CDDA9D21}.Release|x64.ActiveCfg = Release|Any CPU
		{4FA72633-9DFD-4053-B8F2-D891CDDA9D21}.Release|x64.Build.0 = Release|Any CPU
		{4FA72633-9DFD-4053-B8F2-D891CDDA9D21}.Release|x86.ActiveCfg = Release|Any CPU
		{4FA72633-9DFD-4053-B8F2-D891CDDA9D21}.Release|x86.Build.0 = Release|Any CPU
		{8A4BEA2D-6129-4877-9C81-933C6EF3E322}.Debug|Any CPU.ActiveCfg = Debug|x64
		{8A4BEA2D-6129-4877-9C81-933C6EF3E322}.Debug|Any CPU.Build.0 = Debug|x64
		{8A4BEA2D-6129-4877-9C81-933C6EF3E322}.Debug|ARM64.ActiveCfg = Debug|x64
		{8A4BEA2D-6129-4877-9C81-933C6EF3E322}.Debug|ARM64.Build.0 = Debug|x64
		{8A4BEA2D-6129-4877-9C81-933C6EF3E322}.Debug|x64.ActiveCfg = Debug|Win32
		{8A4BEA2D-6129-4877-9C81-933C6EF3E322}.Debug|x64.Build.0 = Debug|Win32
		{8A4BEA2D-6129-4877-9C81-933C6EF3E322}.Debug|x86.ActiveCfg = Debug|Win32
		{8A4BEA2D-6129-4877-9C81-933C6EF3E322}.Debug|x86.Build.0 = Debug|Win32
		{8A4BEA2D-6129-4877-9C81-933C6EF3E322}.Release|Any CPU.ActiveCfg = Release|x64
		{8A4BEA2D-6129-4877-9C81-933C6EF3E322}.Release|Any CPU.Build.0 = Release|x64
		{8A4BEA2D-6129-4877-9C81-933C6EF3E322}.Release|ARM64.ActiveCfg = Release|x64
		{8A4BEA2D-6129-4877-9C81-933C6EF3E322}.Release|ARM64.Build.0 = Release|x64
		{8A4BEA2D-6129-4877-9C81-933C6EF3E322}.Release|x64.ActiveCfg = Release|x64
		{8A4BEA2D-6129-4877-9C81-933C6EF3E322}.Release|x64.Build.0 = Release|x64
		{8A4BEA2D-6129-4877-9C81-933C6EF3E322}.Release|x86.ActiveCfg = Release|Win32
		{8A4BEA2D-6129-4877-9C81-933C6EF3E322}.Release|x86.Build.0 = Release|Win32
	EndGlobalSection
	GlobalSection(SolutionProperties) = preSolution
		HideSolutionNode = FALSE
	EndGlobalSection
	GlobalSection(ExtensibilityGlobals) = postSolution
		SolutionGuid = {28C5D5B8-9CB9-403B-8DED-0F7BA056A381}
	EndGlobalSection
EndGlobal
