<?xml version="1.0" encoding="utf-8"?>
<Project ToolsVersion="4.0" xmlns="http://schemas.microsoft.com/developer/msbuild/2003">
  <ItemGroup>
    <Filter Include="ソース ファイル">
      <UniqueIdentifier>{4FC737F1-C7A5-4376-A066-2A32D752A2FF}</UniqueIdentifier>
      <Extensions>cpp;c;cc;cxx;c++;cppm;ixx;def;odl;idl;hpj;bat;asm;asmx</Extensions>
    </Filter>
    <Filter Include="ヘッダー ファイル">
      <UniqueIdentifier>{93995380-89BD-4b04-88EB-625FBE52EBFB}</UniqueIdentifier>
      <Extensions>h;hh;hpp;hxx;h++;hm;inl;inc;ipp;xsd</Extensions>
    </Filter>
    <Filter Include="リソース ファイル">
      <UniqueIdentifier>{67DA6AB6-F800-4c08-8B7A-83BB121AAD01}</UniqueIdentifier>
      <Extensions>rc;ico;cur;bmp;dlg;rc2;rct;bin;rgs;gif;jpg;jpeg;jpe;resx;tiff;tif;png;wav;mfcribbon-ms</Extensions>
    </Filter>
    <Filter Include="ヘッダー ファイル\Visitor">
      <UniqueIdentifier>{f88535d5-4e4a-40fb-bca7-e8cb4d241f01}</UniqueIdentifier>
    </Filter>
    <Filter Include="ヘッダー ファイル\Strategy">
      <UniqueIdentifier>{b03ce610-06eb-4e37-abbb-946e99f4c2e2}</UniqueIdentifier>
    </Filter>
    <Filter Include="ヘッダー ファイル\Command">
      <UniqueIdentifier>{9b99d8fc-7249-4723-b792-1d771e7c1bbe}</UniqueIdentifier>
    </Filter>
    <Filter Include="ヘッダー ファイル\Adapter">
      <UniqueIdentifier>{7cfe15b4-3bde-4ace-b3d9-a3e9063c451f}</UniqueIdentifier>
    </Filter>
    <Filter Include="ヘッダー ファイル\Observer">
      <UniqueIdentifier>{39dfffcd-dfe4-4199-9de2-26352f12d03a}</UniqueIdentifier>
    </Filter>
    <Filter Include="ヘッダー ファイル\CRTP">
      <UniqueIdentifier>{6713e08d-869e-4f2a-bbee-5fab03c08cf7}</UniqueIdentifier>
    </Filter>
  </ItemGroup>
  <ItemGroup>
    <ClCompile Include="src\main.cpp">
      <Filter>ソース ファイル</Filter>
    </ClCompile>
    <ClCompile Include="src\DrawStrategy.h">
      <Filter>ヘッダー ファイル\Strategy</Filter>
    </ClCompile>
  </ItemGroup>
  <ItemGroup>
    <ClInclude Include="src\Point.h">
      <Filter>ヘッダー ファイル</Filter>
    </ClInclude>
    <ClInclude Include="src\Shape.h">
      <Filter>ヘッダー ファイル</Filter>
    </ClInclude>
    <ClInclude Include="src\Circle.h">
      <Filter>ヘッダー ファイル</Filter>
    </ClInclude>
    <ClInclude Include="src\Square.h">
      <Filter>ヘッダー ファイル</Filter>
    </ClInclude>
    <ClInclude Include="src\Draw.h">
      <Filter>ヘッダー ファイル\Visitor</Filter>
    </ClInclude>
    <ClInclude Include="src\OpenGLCircleStrategy.h">
      <Filter>ヘッダー ファイル\Strategy</Filter>
    </ClInclude>
    <ClInclude Include="src\OpenGLSquareStrategy.h">
      <Filter>ヘッダー ファイル\Strategy</Filter>
    </ClInclude>
    <ClInclude Include="src\CalculatorCommand.h">
      <Filter>ヘッダー ファイル\Command</Filter>
    </ClInclude>
    <ClInclude Include="src\Add.h">
      <Filter>ヘッダー ファイル\Command</Filter>
    </ClInclude>
    <ClInclude Include="src\Subtract.h">
      <Filter>ヘッダー ファイル\Command</Filter>
    </ClInclude>
    <ClInclude Include="src\Calculator.h">
      <Filter>ヘッダー ファイル\Command</Filter>
    </ClInclude>
    <ClInclude Include="src\Duck.h">
      <Filter>ヘッダー ファイル\Adapter</Filter>
    </ClInclude>
    <ClInclude Include="src\MallardDuck.h">
      <Filter>ヘッダー ファイル\Adapter</Filter>
    </ClInclude>
    <ClInclude Include="src\Turkey.h">
      <Filter>ヘッダー ファイル\Adapter</Filter>
    </ClInclude>
    <ClInclude Include="src\WildTurkey.h">
      <Filter>ヘッダー ファイル\Adapter</Filter>
    </ClInclude>
    <ClInclude Include="src\TurkeyAdapter.h">
      <Filter>ヘッダー ファイル\Adapter</Filter>
    </ClInclude>
    <ClInclude Include="src\Observer.h">
      <Filter>ヘッダー ファイル\Observer</Filter>
    </ClInclude>
    <ClInclude Include="src\Person.h">
      <Filter>ヘッダー ファイル\Observer</Filter>
    </ClInclude>
    <ClInclude Include="src\NameObserver.h">
      <Filter>ヘッダー ファイル\Observer</Filter>
    </ClInclude>
    <ClInclude Include="src\AddressObserver.h">
      <Filter>ヘッダー ファイル\Observer</Filter>
    </ClInclude>
    <ClInclude Include="src\StrongType.h">
      <Filter>ヘッダー ファイル\CRTP</Filter>
    </ClInclude>
    <ClInclude Include="src\Distance.h">
      <Filter>ヘッダー ファイル\CRTP</Filter>
    </ClInclude>
  </ItemGroup>
</Project>